// !$*UTF8*$!
{
	archiveVersion = 1;
	classes = {
	};
	objectVersion = 46;
	objects = {

/* Begin PBXBuildFile section */
		BEBFA8ED191ABFC2004B5DBB /* Foundation.framework in Frameworks */ = {isa = PBXBuildFile; fileRef = BEBFA8EC191ABFC2004B5DBB /* Foundation.framework */; };
		BEBFA8EF191ABFC2004B5DBB /* CoreGraphics.framework in Frameworks */ = {isa = PBXBuildFile; fileRef = BEBFA8EE191ABFC2004B5DBB /* CoreGraphics.framework */; };
		BEBFA8F1191ABFC2004B5DBB /* UIKit.framework in Frameworks */ = {isa = PBXBuildFile; fileRef = BEBFA8F0191ABFC2004B5DBB /* UIKit.framework */; };
		BEBFA8F7191ABFC2004B5DBB /* InfoPlist.strings in Resources */ = {isa = PBXBuildFile; fileRef = BEBFA8F5191ABFC2004B5DBB /* InfoPlist.strings */; };
		BEBFA8F9191ABFC2004B5DBB /* main.m in Sources */ = {isa = PBXBuildFile; fileRef = BEBFA8F8191ABFC2004B5DBB /* main.m */; };
		BEBFA8FD191ABFC2004B5DBB /* AppDelegate.m in Sources */ = {isa = PBXBuildFile; fileRef = BEBFA8FC191ABFC2004B5DBB /* AppDelegate.m */; };
		BEBFA900191ABFC2004B5DBB /* Main.storyboard in Resources */ = {isa = PBXBuildFile; fileRef = BEBFA8FE191ABFC2004B5DBB /* Main.storyboard */; };
		BEBFA903191ABFC2004B5DBB /* ViewController.m in Sources */ = {isa = PBXBuildFile; fileRef = BEBFA902191ABFC2004B5DBB /* ViewController.m */; };
		BEBFA905191ABFC2004B5DBB /* Images.xcassets in Resources */ = {isa = PBXBuildFile; fileRef = BEBFA904191ABFC2004B5DBB /* Images.xcassets */; };
		BEBFA90C191ABFC2004B5DBB /* XCTest.framework in Frameworks */ = {isa = PBXBuildFile; fileRef = BEBFA90B191ABFC2004B5DBB /* XCTest.framework */; };
		BEBFA90D191ABFC2004B5DBB /* Foundation.framework in Frameworks */ = {isa = PBXBuildFile; fileRef = BEBFA8EC191ABFC2004B5DBB /* Foundation.framework */; };
		BEBFA90E191ABFC2004B5DBB /* UIKit.framework in Frameworks */ = {isa = PBXBuildFile; fileRef = BEBFA8F0191ABFC2004B5DBB /* UIKit.framework */; };
		BEBFA916191ABFC2004B5DBB /* InfoPlist.strings in Resources */ = {isa = PBXBuildFile; fileRef = BEBFA914191ABFC2004B5DBB /* InfoPlist.strings */; };
		BEBFA918191ABFC2004B5DBB /* ExampleTests.m in Sources */ = {isa = PBXBuildFile; fileRef = BEBFA917191ABFC2004B5DBB /* ExampleTests.m */; };
		BEBFA924191AC03A004B5DBB /* EKLog.m in Sources */ = {isa = PBXBuildFile; fileRef = BEBFA923191AC03A004B5DBB /* EKLog.m */; };
/* End PBXBuildFile section */

/* Begin PBXContainerItemProxy section */
		BEBFA90F191ABFC2004B5DBB /* PBXContainerItemProxy */ = {
			isa = PBXContainerItemProxy;
			containerPortal = BEBFA8E1191ABFC2004B5DBB /* Project object */;
			proxyType = 1;
			remoteGlobalIDString = BEBFA8E8191ABFC2004B5DBB;
			remoteInfo = Example;
		};
/* End PBXContainerItemProxy section */

/* Begin PBXFileReference section */
		BEBFA8E9191ABFC2004B5DBB /* Example.app */ = {isa = PBXFileReference; explicitFileType = wrapper.application; includeInIndex = 0; path = Example.app; sourceTree = BUILT_PRODUCTS_DIR; };
		BEBFA8EC191ABFC2004B5DBB /* Foundation.framework */ = {isa = PBXFileReference; lastKnownFileType = wrapper.framework; name = Foundation.framework; path = System/Library/Frameworks/Foundation.framework; sourceTree = SDKROOT; };
		BEBFA8EE191ABFC2004B5DBB /* CoreGraphics.framework */ = {isa = PBXFileReference; lastKnownFileType = wrapper.framework; name = CoreGraphics.framework; path = System/Library/Frameworks/CoreGraphics.framework; sourceTree = SDKROOT; };
		BEBFA8F0191ABFC2004B5DBB /* UIKit.framework */ = {isa = PBXFileReference; lastKnownFileType = wrapper.framework; name = UIKit.framework; path = System/Library/Frameworks/UIKit.framework; sourceTree = SDKROOT; };
		BEBFA8F4191ABFC2004B5DBB /* Example-Info.plist */ = {isa = PBXFileReference; lastKnownFileType = text.plist.xml; path = "Example-Info.plist"; sourceTree = "<group>"; };
		BEBFA8F6191ABFC2004B5DBB /* en */ = {isa = PBXFileReference; lastKnownFileType = text.plist.strings; name = en; path = en.lproj/InfoPlist.strings; sourceTree = "<group>"; };
		BEBFA8F8191ABFC2004B5DBB /* main.m */ = {isa = PBXFileReference; lastKnownFileType = sourcecode.c.objc; path = main.m; sourceTree = "<group>"; };
		BEBFA8FA191ABFC2004B5DBB /* Example-Prefix.pch */ = {isa = PBXFileReference; lastKnownFileType = sourcecode.c.h; path = "Example-Prefix.pch"; sourceTree = "<group>"; };
		BEBFA8FB191ABFC2004B5DBB /* AppDelegate.h */ = {isa = PBXFileReference; lastKnownFileType = sourcecode.c.h; path = AppDelegate.h; sourceTree = "<group>"; };
		BEBFA8FC191ABFC2004B5DBB /* AppDelegate.m */ = {isa = PBXFileReference; lastKnownFileType = sourcecode.c.objc; path = AppDelegate.m; sourceTree = "<group>"; };
		BEBFA8FF191ABFC2004B5DBB /* Base */ = {isa = PBXFileReference; lastKnownFileType = file.storyboard; name = Base; path = Base.lproj/Main.storyboard; sourceTree = "<group>"; };
		BEBFA901191ABFC2004B5DBB /* ViewController.h */ = {isa = PBXFileReference; lastKnownFileType = sourcecode.c.h; path = ViewController.h; sourceTree = "<group>"; };
		BEBFA902191ABFC2004B5DBB /* ViewController.m */ = {isa = PBXFileReference; lastKnownFileType = sourcecode.c.objc; path = ViewController.m; sourceTree = "<group>"; };
		BEBFA904191ABFC2004B5DBB /* Images.xcassets */ = {isa = PBXFileReference; lastKnownFileType = folder.assetcatalog; path = Images.xcassets; sourceTree = "<group>"; };
		BEBFA90A191ABFC2004B5DBB /* ExampleTests.xctest */ = {isa = PBXFileReference; explicitFileType = wrapper.cfbundle; includeInIndex = 0; path = ExampleTests.xctest; sourceTree = BUILT_PRODUCTS_DIR; };
		BEBFA90B191ABFC2004B5DBB /* XCTest.framework */ = {isa = PBXFileReference; lastKnownFileType = wrapper.framework; name = XCTest.framework; path = Library/Frameworks/XCTest.framework; sourceTree = DEVELOPER_DIR; };
		BEBFA913191ABFC2004B5DBB /* ExampleTests-Info.plist */ = {isa = PBXFileReference; lastKnownFileType = text.plist.xml; path = "ExampleTests-Info.plist"; sourceTree = "<group>"; };
		BEBFA915191ABFC2004B5DBB /* en */ = {isa = PBXFileReference; lastKnownFileType = text.plist.strings; name = en; path = en.lproj/InfoPlist.strings; sourceTree = "<group>"; };
		BEBFA917191ABFC2004B5DBB /* ExampleTests.m */ = {isa = PBXFileReference; lastKnownFileType = sourcecode.c.objc; path = ExampleTests.m; sourceTree = "<group>"; };
		BEBFA922191AC03A004B5DBB /* EKLog.h */ = {isa = PBXFileReference; fileEncoding = 4; lastKnownFileType = sourcecode.c.h; name = EKLog.h; path = ../EKLog/EKLog.h; sourceTree = "<group>"; };
		BEBFA923191AC03A004B5DBB /* EKLog.m */ = {isa = PBXFileReference; fileEncoding = 4; lastKnownFileType = sourcecode.c.objc; name = EKLog.m; path = ../EKLog/EKLog.m; sourceTree = "<group>"; };
/* End PBXFileReference section */

/* Begin PBXFrameworksBuildPhase section */
		BEBFA8E6191ABFC2004B5DBB /* Frameworks */ = {
			isa = PBXFrameworksBuildPhase;
			buildActionMask = 2147483647;
			files = (
				BEBFA8EF191ABFC2004B5DBB /* CoreGraphics.framework in Frameworks */,
				BEBFA8F1191ABFC2004B5DBB /* UIKit.framework in Frameworks */,
				BEBFA8ED191ABFC2004B5DBB /* Foundation.framework in Frameworks */,
			);
			runOnlyForDeploymentPostprocessing = 0;
		};
		BEBFA907191ABFC2004B5DBB /* Frameworks */ = {
			isa = PBXFrameworksBuildPhase;
			buildActionMask = 2147483647;
			files = (
				BEBFA90C191ABFC2004B5DBB /* XCTest.framework in Frameworks */,
				BEBFA90E191ABFC2004B5DBB /* UIKit.framework in Frameworks */,
				BEBFA90D191ABFC2004B5DBB /* Foundation.framework in Frameworks */,
			);
			runOnlyForDeploymentPostprocessing = 0;
		};
/* End PBXFrameworksBuildPhase section */

/* Begin PBXGroup section */
		BEBFA8E0191ABFC2004B5DBB = {
			isa = PBXGroup;
			children = (
				BEBFA921191AC01A004B5DBB /* EKLog */,
				BEBFA8F2191ABFC2004B5DBB /* Example */,
				BEBFA911191ABFC2004B5DBB /* ExampleTests */,
				BEBFA8EB191ABFC2004B5DBB /* Frameworks */,
				BEBFA8EA191ABFC2004B5DBB /* Products */,
			);
			sourceTree = "<group>";
		};
		BEBFA8EA191ABFC2004B5DBB /* Products */ = {
			isa = PBXGroup;
			children = (
				BEBFA8E9191ABFC2004B5DBB /* Example.app */,
				BEBFA90A191ABFC2004B5DBB /* ExampleTests.xctest */,
			);
			name = Products;
			sourceTree = "<group>";
		};
		BEBFA8EB191ABFC2004B5DBB /* Frameworks */ = {
			isa = PBXGroup;
			children = (
				BEBFA8EC191ABFC2004B5DBB /* Foundation.framework */,
				BEBFA8EE191ABFC2004B5DBB /* CoreGraphics.framework */,
				BEBFA8F0191ABFC2004B5DBB /* UIKit.framework */,
				BEBFA90B191ABFC2004B5DBB /* XCTest.framework */,
			);
			name = Frameworks;
			sourceTree = "<group>";
		};
		BEBFA8F2191ABFC2004B5DBB /* Example */ = {
			isa = PBXGroup;
			children = (
				BEBFA8FB191ABFC2004B5DBB /* AppDelegate.h */,
				BEBFA8FC191ABFC2004B5DBB /* AppDelegate.m */,
				BEBFA8FE191ABFC2004B5DBB /* Main.storyboard */,
				BEBFA901191ABFC2004B5DBB /* ViewController.h */,
				BEBFA902191ABFC2004B5DBB /* ViewController.m */,
				BEBFA904191ABFC2004B5DBB /* Images.xcassets */,
				BEBFA8F3191ABFC2004B5DBB /* Supporting Files */,
			);
			path = Example;
			sourceTree = "<group>";
		};
		BEBFA8F3191ABFC2004B5DBB /* Supporting Files */ = {
			isa = PBXGroup;
			children = (
				BEBFA8F4191ABFC2004B5DBB /* Example-Info.plist */,
				BEBFA8F5191ABFC2004B5DBB /* InfoPlist.strings */,
				BEBFA8F8191ABFC2004B5DBB /* main.m */,
				BEBFA8FA191ABFC2004B5DBB /* Example-Prefix.pch */,
			);
			name = "Supporting Files";
			sourceTree = "<group>";
		};
		BEBFA911191ABFC2004B5DBB /* ExampleTests */ = {
			isa = PBXGroup;
			children = (
				BEBFA917191ABFC2004B5DBB /* ExampleTests.m */,
				BEBFA912191ABFC2004B5DBB /* Supporting Files */,
			);
			path = ExampleTests;
			sourceTree = "<group>";
		};
		BEBFA912191ABFC2004B5DBB /* Supporting Files */ = {
			isa = PBXGroup;
			children = (
				BEBFA913191ABFC2004B5DBB /* ExampleTests-Info.plist */,
				BEBFA914191ABFC2004B5DBB /* InfoPlist.strings */,
			);
			name = "Supporting Files";
			sourceTree = "<group>";
		};
		BEBFA921191AC01A004B5DBB /* EKLog */ = {
			isa = PBXGroup;
			children = (
				BEBFA922191AC03A004B5DBB /* EKLog.h */,
				BEBFA923191AC03A004B5DBB /* EKLog.m */,
			);
			name = EKLog;
			sourceTree = "<group>";
		};
/* End PBXGroup section */

/* Begin PBXNativeTarget section */
		BEBFA8E8191ABFC2004B5DBB /* Example */ = {
			isa = PBXNativeTarget;
			buildConfigurationList = BEBFA91B191ABFC2004B5DBB /* Build configuration list for PBXNativeTarget "Example" */;
			buildPhases = (
				BEBFA8E5191ABFC2004B5DBB /* Sources */,
				BEBFA8E6191ABFC2004B5DBB /* Frameworks */,
				BEBFA8E7191ABFC2004B5DBB /* Resources */,
			);
			buildRules = (
			);
			dependencies = (
			);
			name = Example;
			productName = Example;
			productReference = BEBFA8E9191ABFC2004B5DBB /* Example.app */;
			productType = "com.apple.product-type.application";
		};
		BEBFA909191ABFC2004B5DBB /* ExampleTests */ = {
			isa = PBXNativeTarget;
			buildConfigurationList = BEBFA91E191ABFC2004B5DBB /* Build configuration list for PBXNativeTarget "ExampleTests" */;
			buildPhases = (
				BEBFA906191ABFC2004B5DBB /* Sources */,
				BEBFA907191ABFC2004B5DBB /* Frameworks */,
				BEBFA908191ABFC2004B5DBB /* Resources */,
			);
			buildRules = (
			);
			dependencies = (
				BEBFA910191ABFC2004B5DBB /* PBXTargetDependency */,
			);
			name = ExampleTests;
			productName = ExampleTests;
			productReference = BEBFA90A191ABFC2004B5DBB /* ExampleTests.xctest */;
			productType = "com.apple.product-type.bundle.unit-test";
		};
/* End PBXNativeTarget section */

/* Begin PBXProject section */
		BEBFA8E1191ABFC2004B5DBB /* Project object */ = {
			isa = PBXProject;
			attributes = {
				LastUpgradeCheck = 0510;
				ORGANIZATIONNAME = Ekhoo;
				TargetAttributes = {
					BEBFA909191ABFC2004B5DBB = {
						TestTargetID = BEBFA8E8191ABFC2004B5DBB;
					};
				};
			};
			buildConfigurationList = BEBFA8E4191ABFC2004B5DBB /* Build configuration list for PBXProject "Example" */;
			compatibilityVersion = "Xcode 3.2";
			developmentRegion = English;
			hasScannedForEncodings = 0;
			knownRegions = (
				en,
				Base,
			);
			mainGroup = BEBFA8E0191ABFC2004B5DBB;
			productRefGroup = BEBFA8EA191ABFC2004B5DBB /* Products */;
			projectDirPath = "";
			projectRoot = "";
			targets = (
				BEBFA8E8191ABFC2004B5DBB /* Example */,
				BEBFA909191ABFC2004B5DBB /* ExampleTests */,
			);
		};
/* End PBXProject section */

/* Begin PBXResourcesBuildPhase section */
		BEBFA8E7191ABFC2004B5DBB /* Resources */ = {
			isa = PBXResourcesBuildPhase;
			buildActionMask = 2147483647;
			files = (
				BEBFA905191ABFC2004B5DBB /* Images.xcassets in Resources */,
				BEBFA8F7191ABFC2004B5DBB /* InfoPlist.strings in Resources */,
				BEBFA900191ABFC2004B5DBB /* Main.storyboard in Resources */,
			);
			runOnlyForDeploymentPostprocessing = 0;
		};
		BEBFA908191ABFC2004B5DBB /* Resources */ = {
			isa = PBXResourcesBuildPhase;
			buildActionMask = 2147483647;
			files = (
				BEBFA916191ABFC2004B5DBB /* InfoPlist.strings in Resources */,
			);
			runOnlyForDeploymentPostprocessing = 0;
		};
/* End PBXResourcesBuildPhase section */

/* Begin PBXSourcesBuildPhase section */
		BEBFA8E5191ABFC2004B5DBB /* Sources */ = {
			isa = PBXSourcesBuildPhase;
			buildActionMask = 2147483647;
			files = (
				BEBFA924191AC03A004B5DBB /* EKLog.m in Sources */,
				BEBFA903191ABFC2004B5DBB /* ViewController.m in Sources */,
				BEBFA8FD191ABFC2004B5DBB /* AppDelegate.m in Sources */,
				BEBFA8F9191ABFC2004B5DBB /* main.m in Sources */,
			);
			runOnlyForDeploymentPostprocessing = 0;
		};
		BEBFA906191ABFC2004B5DBB /* Sources */ = {
			isa = PBXSourcesBuildPhase;
			buildActionMask = 2147483647;
			files = (
				BEBFA918191ABFC2004B5DBB /* ExampleTests.m in Sources */,
			);
			runOnlyForDeploymentPostprocessing = 0;
		};
/* End PBXSourcesBuildPhase section */

/* Begin PBXTargetDependency section */
		BEBFA910191ABFC2004B5DBB /* PBXTargetDependency */ = {
			isa = PBXTargetDependency;
			target = BEBFA8E8191ABFC2004B5DBB /* Example */;
			targetProxy = BEBFA90F191ABFC2004B5DBB /* PBXContainerItemProxy */;
		};
/* End PBXTargetDependency section */

/* Begin PBXVariantGroup section */
		BEBFA8F5191ABFC2004B5DBB /* InfoPlist.strings */ = {
			isa = PBXVariantGroup;
			children = (
				BEBFA8F6191ABFC2004B5DBB /* en */,
			);
			name = InfoPlist.strings;
			sourceTree = "<group>";
		};
		BEBFA8FE191ABFC2004B5DBB /* Main.storyboard */ = {
			isa = PBXVariantGroup;
			children = (
				BEBFA8FF191ABFC2004B5DBB /* Base */,
			);
			name = Main.storyboard;
			sourceTree = "<group>";
		};
		BEBFA914191ABFC2004B5DBB /* InfoPlist.strings */ = {
			isa = PBXVariantGroup;
			children = (
				BEBFA915191ABFC2004B5DBB /* en */,
			);
			name = InfoPlist.strings;
			sourceTree = "<group>";
		};
/* End PBXVariantGroup section */

/* Begin XCBuildConfiguration section */
		BEBFA919191ABFC2004B5DBB /* Debug */ = {
			isa = XCBuildConfiguration;
			buildSettings = {
				ALWAYS_SEARCH_USER_PATHS = NO;
				CLANG_CXX_LANGUAGE_STANDARD = "gnu++0x";
				CLANG_CXX_LIBRARY = "libc++";
				CLANG_ENABLE_MODULES = YES;
				CLANG_ENABLE_OBJC_ARC = YES;
				CLANG_WARN_BOOL_CONVERSION = YES;
				CLANG_WARN_CONSTANT_CONVERSION = YES;
				CLANG_WARN_DIRECT_OBJC_ISA_USAGE = YES_ERROR;
				CLANG_WARN_EMPTY_BODY = YES;
				CLANG_WARN_ENUM_CONVERSION = YES;
				CLANG_WARN_INT_CONVERSION = YES;
				CLANG_WARN_OBJC_ROOT_CLASS = YES_ERROR;
				CLANG_WARN__DUPLICATE_METHOD_MATCH = YES;
				"CODE_SIGN_IDENTITY[sdk=iphoneos*]" = "iPhone Developer";
				COPY_PHASE_STRIP = NO;
				GCC_C_LANGUAGE_STANDARD = gnu99;
				GCC_DYNAMIC_NO_PIC = NO;
				GCC_OPTIMIZATION_LEVEL = 0;
				GCC_PREPROCESSOR_DEFINITIONS = (
					"DEBUG=1",
					"$(inherited)",
				);
				GCC_SYMBOLS_PRIVATE_EXTERN = NO;
				GCC_WARN_64_TO_32_BIT_CONVERSION = YES;
				GCC_WARN_ABOUT_RETURN_TYPE = YES_ERROR;
				GCC_WARN_UNDECLARED_SELECTOR = YES;
				GCC_WARN_UNINITIALIZED_AUTOS = YES_AGGRESSIVE;
				GCC_WARN_UNUSED_FUNCTION = YES;
				GCC_WARN_UNUSED_VARIABLE = YES;
				IPHONEOS_DEPLOYMENT_TARGET = 7.1;
				ONLY_ACTIVE_ARCH = YES;
				SDKROOT = iphoneos;
			};
			name = Debug;
		};
		BEBFA91A191ABFC2004B5DBB /* Release */ = {
			isa = XCBuildConfiguration;
			buildSettings = {
				ALWAYS_SEARCH_USER_PATHS = NO;
				CLANG_CXX_LANGUAGE_STANDARD = "gnu++0x";
				CLANG_CXX_LIBRARY = "libc++";
				CLANG_ENABLE_MODULES = YES;
				CLANG_ENABLE_OBJC_ARC = YES;
				CLANG_WARN_BOOL_CONVERSION = YES;
				CLANG_WARN_CONSTANT_CONVERSION = YES;
				CLANG_WARN_DIRECT_OBJC_ISA_USAGE = YES_ERROR;
				CLANG_WARN_EMPTY_BODY = YES;
				CLANG_WARN_ENUM_CONVERSION = YES;
				CLANG_WARN_INT_CONVERSION = YES;
				CLANG_WARN_OBJC_ROOT_CLASS = YES_ERROR;
				CLANG_WARN__DUPLICATE_METHOD_MATCH = YES;
				"CODE_SIGN_IDENTITY[sdk=iphoneos*]" = "iPhone Developer";
				COPY_PHASE_STRIP = YES;
				ENABLE_NS_ASSERTIONS = NO;
				GCC_C_LANGUAGE_STANDARD = gnu99;
				GCC_WARN_64_TO_32_BIT_CONVERSION = YES;
				GCC_WARN_ABOUT_RETURN_TYPE = YES_ERROR;
				GCC_WARN_UNDECLARED_SELECTOR = YES;
				GCC_WARN_UNINITIALIZED_AUTOS = YES_AGGRESSIVE;
				GCC_WARN_UNUSED_FUNCTION = YES;
				GCC_WARN_UNUSED_VARIABLE = YES;
				IPHONEOS_DEPLOYMENT_TARGET = 7.1;
				SDKROOT = iphoneos;
				VALIDATE_PRODUCT = YES;
			};
			name = Release;
		};
		BEBFA91C191ABFC2004B5DBB /* Debug */ = {
			isa = XCBuildConfiguration;
			buildSettings = {
				ASSETCATALOG_COMPILER_APPICON_NAME = AppIcon;
				ASSETCATALOG_COMPILER_LAUNCHIMAGE_NAME = LaunchImage;
				GCC_PRECOMPILE_PREFIX_HEADER = YES;
				GCC_PREFIX_HEADER = "Example/Example-Prefix.pch";
				INFOPLIST_FILE = "Example/Example-Info.plist";
				PRODUCT_NAME = "$(TARGET_NAME)";
				WRAPPER_EXTENSION = app;
			};
			name = Debug;
		};
		BEBFA91D191ABFC2004B5DBB /* Release */ = {
			isa = XCBuildConfiguration;
			buildSettings = {
				ASSETCATALOG_COMPILER_APPICON_NAME = AppIcon;
				ASSETCATALOG_COMPILER_LAUNCHIMAGE_NAME = LaunchImage;
				GCC_PRECOMPILE_PREFIX_HEADER = YES;
				GCC_PREFIX_HEADER = "Example/Example-Prefix.pch";
				INFOPLIST_FILE = "Example/Example-Info.plist";
				PRODUCT_NAME = "$(TARGET_NAME)";
				WRAPPER_EXTENSION = app;
			};
			name = Release;
		};
		BEBFA91F191ABFC2004B5DBB /* Debug */ = {
			isa = XCBuildConfiguration;
			buildSettings = {
				BUNDLE_LOADER = "$(BUILT_PRODUCTS_DIR)/Example.app/Example";
				FRAMEWORK_SEARCH_PATHS = (
					"$(SDKROOT)/Developer/Library/Frameworks",
					"$(inherited)",
					"$(DEVELOPER_FRAMEWORKS_DIR)",
				);
				GCC_PRECOMPILE_PREFIX_HEADER = YES;
				GCC_PREFIX_HEADER = "Example/Example-Prefix.pch";
				GCC_PREPROCESSOR_DEFINITIONS = (
					"DEBUG=1",
					"$(inherited)",
				);
				INFOPLIST_FILE = "ExampleTests/ExampleTests-Info.plist";
				PRODUCT_NAME = "$(TARGET_NAME)";
				TEST_HOST = "$(BUNDLE_LOADER)";
				WRAPPER_EXTENSION = xctest;
			};
			name = Debug;
		};
		BEBFA920191ABFC2004B5DBB /* Release */ = {
			isa = XCBuildConfiguration;
			buildSettings = {
				BUNDLE_LOADER = "$(BUILT_PRODUCTS_DIR)/Example.app/Example";
				FRAMEWORK_SEARCH_PATHS = (
					"$(SDKROOT)/Developer/Library/Frameworks",
					"$(inherited)",
					"$(DEVELOPER_FRAMEWORKS_DIR)",
				);
				GCC_PRECOMPILE_PREFIX_HEADER = YES;
				GCC_PREFIX_HEADER = "Example/Example-Prefix.pch";
				INFOPLIST_FILE = "ExampleTests/ExampleTests-Info.plist";
				PRODUCT_NAME = "$(TARGET_NAME)";
				TEST_HOST = "$(BUNDLE_LOADER)";
				WRAPPER_EXTENSION = xctest;
			};
			name = Release;
		};
/* End XCBuildConfiguration section */

/* Begin XCConfigurationList section */
		BEBFA8E4191ABFC2004B5DBB /* Build configuration list for PBXProject "Example" */ = {
			isa = XCConfigurationList;
			buildConfigurations = (
				BEBFA919191ABFC2004B5DBB /* Debug */,
				BEBFA91A191ABFC2004B5DBB /* Release */,
			);
			defaultConfigurationIsVisible = 0;
			defaultConfigurationName = Release;
		};
		BEBFA91B191ABFC2004B5DBB /* Build configuration list for PBXNativeTarget "Example" */ = {
			isa = XCConfigurationList;
			buildConfigurations = (
				BEBFA91C191ABFC2004B5DBB /* Debug */,
				BEBFA91D191ABFC2004B5DBB /* Release */,
			);
			defaultConfigurationIsVisible = 0;
		};
		BEBFA91E191ABFC2004B5DBB /* Build configuration list for PBXNativeTarget "ExampleTests" */ = {
			isa = XCConfigurationList;
			buildConfigurations = (
				BEBFA91F191ABFC2004B5DBB /* Debug */,
				BEBFA920191ABFC2004B5DBB /* Release */,
			);
			defaultConfigurationIsVisible = 0;
		};
/* End XCConfigurationList section */
	};
	rootObject = BEBFA8E1191ABFC2004B5DBB /* Project object */;
}
